type: object
description: Informs the client the request should be blocked using the response described by this rule action.
required:
  - type
properties:
  type:
    $ref: RuleActionType.yaml
    const: block
  status_code:
    $ref: StatusCode.yaml
  headers:
    type: array
    description: A list of headers to send.
    items:
      $ref: RuleActionHeaderField.yaml
  body:
    $ref: RuleActionBody.yaml